
Microsoft Visual Studio Solution File, Format Version 12.00
Project("{FAE04EC0-301F-11D3-BF4B-00C04F79EFBC}") = "Client", "Client\Client.csproj", "{DBB4C83D-598B-448A-9ECF-9EBE433F3E48}"
EndProject
Project("{FAE04EC0-301F-11D3-BF4B-00C04F79EFBC}") = "Server", "Server\Server.csproj", "{516A85D5-B2E8-488B-B660-E18E760D09B3}"
EndProject
Project("{FAE04EC0-301F-11D3-BF4B-00C04F79EFBC}") = "LicenseSystem", "LicenseSystem\LicenseSystem.csproj", "{4535F151-7402-4383-823E-A68EDE9140D2}"
EndProject
Global
	GlobalSection(SolutionConfigurationPlatforms) = preSolution
		Debug|Any CPU = Debug|Any CPU
		Release|Any CPU = Release|Any CPU
	EndGlobalSection
	GlobalSection(ProjectConfigurationPlatforms) = postSolution
		{DBB4C83D-598B-448A-9ECF-9EBE433F3E48}.Debug|Any CPU.ActiveCfg = Debug|Any CPU
		{DBB4C83D-598B-448A-9ECF-9EBE433F3E48}.Debug|Any CPU.Build.0 = Debug|Any CPU
		{DBB4C83D-598B-448A-9ECF-9EBE433F3E48}.Release|Any CPU.ActiveCfg = Release|Any CPU
		{DBB4C83D-598B-448A-9ECF-9EBE433F3E48}.Release|Any CPU.Build.0 = Release|Any CPU
		{516A85D5-B2E8-488B-B660-E18E760D09B3}.Debug|Any CPU.ActiveCfg = Debug|Any CPU
		{516A85D5-B2E8-488B-B660-E18E760D09B3}.Debug|Any CPU.Build.0 = Debug|Any CPU
		{516A85D5-B2E8-488B-B660-E18E760D09B3}.Release|Any CPU.ActiveCfg = Release|Any CPU
		{516A85D5-B2E8-488B-B660-E18E760D09B3}.Release|Any CPU.Build.0 = Release|Any CPU
		{4535F151-7402-4383-823E-A68EDE9140D2}.Debug|Any CPU.ActiveCfg = Debug|Any CPU
		{4535F151-7402-4383-823E-A68EDE9140D2}.Debug|Any CPU.Build.0 = Debug|Any CPU
		{4535F151-7402-4383-823E-A68EDE9140D2}.Release|Any CPU.ActiveCfg = Release|Any CPU
		{4535F151-7402-4383-823E-A68EDE9140D2}.Release|Any CPU.Build.0 = Release|Any CPU
	EndGlobalSection
EndGlobal
